
Microsoft Visual Studio Solution File, Format Version 12.00
# Visual Studio Version 17
VisualStudioVersion = 17.7.34024.191
MinimumVisualStudioVersion = 10.0.40219.1
Project("{9A19103F-16F7-4668-BE54-9A1E7A4F7556}") = "Tymr.Client", "Tymr\Tymr.Client.csproj", "{4A50F498-AEE2-4949-8620-5CD834F44DCC}"
EndProject
Project("{9A19103F-16F7-4668-BE54-9A1E7A4F7556}") = "Tymr.Data", "Tymr.Data\Tymr.Data.csproj", "{4A63C143-A9E1-40C4-8E1C-0971E91842A4}"
EndProject
Project("{FAE04EC0-301F-11D3-BF4B-00C04F79EFBC}") = "Tymr.Tests", "Tymr.Tests\Tymr.Tests.csproj", "{6197232D-4BE2-4099-B27C-D540397ACE46}"
EndProject
Global
	GlobalSection(SolutionConfigurationPlatforms) = preSolution
		Debug|Any CPU = Debug|Any CPU
		Release|Any CPU = Release|Any CPU
	EndGlobalSection
	GlobalSection(ProjectConfigurationPlatforms) = postSolution
		{4A50F498-AEE2-4949-8620-5CD834F44DCC}.Debug|Any CPU.ActiveCfg = Debug|Any CPU
		{4A50F498-AEE2-4949-8620-5CD834F44DCC}.Debug|Any CPU.Build.0 = Debug|Any CPU
		{4A50F498-AEE2-4949-8620-5CD834F44DCC}.Release|Any CPU.ActiveCfg = Release|Any CPU
		{4A50F498-AEE2-4949-8620-5CD834F44DCC}.Release|Any CPU.Build.0 = Release|Any CPU
		{4A63C143-A9E1-40C4-8E1C-0971E91842A4}.Debug|Any CPU.ActiveCfg = Debug|Any CPU
		{4A63C143-A9E1-40C4-8E1C-0971E91842A4}.Debug|Any CPU.Build.0 = Debug|Any CPU
		{4A63C143-A9E1-40C4-8E1C-0971E91842A4}.Release|Any CPU.ActiveCfg = Release|Any CPU
		{4A63C143-A9E1-40C4-8E1C-0971E91842A4}.Release|Any CPU.Build.0 = Release|Any CPU
		{6197232D-4BE2-4099-B27C-D540397ACE46}.Debug|Any CPU.ActiveCfg = Debug|Any CPU
		{6197232D-4BE2-4099-B27C-D540397ACE46}.Debug|Any CPU.Build.0 = Debug|Any CPU
		{6197232D-4BE2-4099-B27C-D540397ACE46}.Release|Any CPU.ActiveCfg = Release|Any CPU
		{6197232D-4BE2-4099-B27C-D540397ACE46}.Release|Any CPU.Build.0 = Release|Any CPU
	EndGlobalSection
	GlobalSection(SolutionProperties) = preSolution
		HideSolutionNode = FALSE
	EndGlobalSection
	GlobalSection(ExtensibilityGlobals) = postSolution
		SolutionGuid = {65D21806-96C6-471B-89FA-3A2CF1D560FA}
	EndGlobalSection
EndGlobal
